
Microsoft Visual Studio Solution File, Format Version 12.00
# Visual Studio Version 17
VisualStudioVersion = 17.7.34202.233
MinimumVisualStudioVersion = 10.0.40219.1
Project("{FAE04EC0-301F-11D3-BF4B-00C04F79EFBC}") = "Practica 6 forms", "Practica 6 forms.csproj", "{C12D42BB-5885-4483-BAFA-159148DF608F}"
EndProject
Global
	GlobalSection(SolutionConfigurationPlatforms) = preSolution
		Debug|Any CPU = Debug|Any CPU
		Release|Any CPU = Release|Any CPU
	EndGlobalSection
	GlobalSection(ProjectConfigurationPlatforms) = postSolution
		{C12D42BB-5885-4483-BAFA-159148DF608F}.Debug|Any CPU.ActiveCfg = Debug|Any CPU
		{C12D42BB-5885-4483-BAFA-159148DF608F}.Debug|Any CPU.Build.0 = Debug|Any CPU
		{C12D42BB-5885-4483-BAFA-159148DF608F}.Release|Any CPU.ActiveCfg = Release|Any CPU
		{C12D42BB-5885-4483-BAFA-159148DF608F}.Release|Any CPU.Build.0 = Release|Any CPU
	EndGlobalSection
	GlobalSection(SolutionProperties) = preSolution
		HideSolutionNode = FALSE
	EndGlobalSection
	GlobalSection(ExtensibilityGlobals) = postSolution
		SolutionGuid = {ACE76876-6B2D-4272-8BF0-23EE0DA81D76}
	EndGlobalSection
EndGlobal
